Microsoft Visual Studio Solution File, Format Version 12.00
Project("{2150E333-8FDC-42A3-9474-1A3956D46DE8}") = "Backend", "Backend", "{11111111-0000-0000-0000-000000000001}"
EndProject
Project("{2150E333-8FDC-42A3-9474-1A3956D46DE8}") = "API", "API", "{11111111-0000-0000-0000-000000000002}"
EndProject
Project("{2150E333-8FDC-42A3-9474-1A3956D46DE8}") = "Tests", "Tests", "{11111111-0000-0000-0000-000000000003}"
EndProject
Project("{9A19103F-16F7-4668-BE54-9A1E7A4F7556}") = "Fixture", "backend\Fixture.csproj", "{22222222-0000-0000-0000-000000000001}"
EndProject
Project("{9A19103F-16F7-4668-BE54-9A1E7A4F7556}") = "Fixture.Tests", "backend\Fixture.Tests\Fixture.Tests.csproj", "{22222222-0000-0000-0000-000000000002}"
EndProject
Global
	GlobalSection(NestedProjects) = preSolution
		{11111111-0000-0000-0000-000000000002} = {11111111-0000-0000-0000-000000000001}
		{22222222-0000-0000-0000-000000000001} = {11111111-0000-0000-0000-000000000002}
		{22222222-0000-0000-0000-000000000002} = {11111111-0000-0000-0000-000000000003}
	EndGlobalSection
EndGlobal
